
Microsoft Visual Studio Solution File, Format Version 12.00
# Visual Studio 15
VisualStudioVersion = 15.0.28307.489
MinimumVisualStudioVersion = 10.0.40219.1
Project("{FAE04EC0-301F-11D3-BF4B-00C04F79EFBC}") = "Sharpest", "Sharpest\Sharpest.csproj", "{5227675F-5539-4B15-865E-8348CC30A307}"
EndProject
Global
	GlobalSection(SolutionConfigurationPlatforms) = preSolution
		Debug|Any CPU = Debug|Any CPU
		Release|Any CPU = Release|Any CPU
	EndGlobalSection
	GlobalSection(ProjectConfigurationPlatforms) = postSolution
		{5227675F-5539-4B15-865E-8348CC30A307}.Debug|Any CPU.ActiveCfg = Debug|Any CPU
		{5227675F-5539-4B15-865E-8348CC30A307}.Debug|Any CPU.Build.0 = Debug|Any CPU
		{5227675F-5539-4B15-865E-8348CC30A307}.Release|Any CPU.ActiveCfg = Release|Any CPU
		{5227675F-5539-4B15-865E-8348CC30A307}.Release|Any CPU.Build.0 = Release|Any CPU
	EndGlobalSection
	GlobalSection(SolutionProperties) = preSolution
		HideSolutionNode = FALSE
	EndGlobalSection
	GlobalSection(ExtensibilityGlobals) = postSolution
		SolutionGuid = {AE3728BC-DFE8-4657-9105-F3090924C8E5}
	EndGlobalSection
EndGlobal
